# This file is autogenerated, do not edit; changes may be undone by the next 'dep ensure'.


[[projects]]
  name = "github.com/PuerkitoBio/goquery"
  packages = ["."]
  revision = "09540e565986583836b5fc792fe951ec5fd201dd"
  version = "v1.3.0"

[[projects]]
  branch = "master"
  name = "github.com/andybalholm/cascadia"
  packages = ["."]
  revision = "349dd0209470eabd9514242c688c403c0926d266"

[[projects]]
  branch = "master"
  name = "github.com/campoy/unique"
  packages = ["."]
  revision = "88950e537e7e644cd746a3102037b5d2b723e9f5"

[[projects]]
  branch = "master"
  name = "golang.org/x/net"
  packages = ["html","html/atom"]
  revision = "f5dfe339be1d06f81b22525fe34671ee7d2c8904"

[solve-meta]
  analyzer-name = "dep"
  analyzer-version = 1
  inputs-digest = "6041b3a41c1761f7a9d4e59554fbaf5401c8bc965d0aa8a44503fbfe7a2e64e6"
  solver-name = "gps-cdcl"
  solver-version = 1
